
Microsoft Visual Studio Solution File, Format Version 12.00
# Visual Studio 2012
Project("{FAE04EC0-301F-11D3-BF4B-00C04F79EFBC}") = "TestConsole", "TestConsole\TestConsole.csproj", "{01C87745-1357-4809-9C79-472515C8C23A}"
EndProject
Project("{FAE04EC0-301F-11D3-BF4B-00C04F79EFBC}") = "Monitor", "Monitor\Monitor.csproj", "{2C175143-C46A-404A-BC46-B1BF4E91C0A2}"
EndProject
Project("{E24C65DC-7377-472B-9ABA-BC803B73C61A}") = "WeiXin", "http://localhost:18601", "{64E34AD0-8E66-4C0D-A479-AD0043ADE19A}"
	ProjectSection(WebsiteProperties) = preProject
		UseIISExpress = "true"
		TargetFrameworkMoniker = ".NETFramework,Version%3Dv4.5"
		ProjectReferences = "{9756c512-7b05-4bff-89e6-a482410a77b7}|DB2DataAccess.dll;"
		Debug.AspNetCompiler.VirtualPath = "/localhost_18601"
		Debug.AspNetCompiler.PhysicalPath = "WeiXin\"
		Debug.AspNetCompiler.TargetPath = "PrecompiledWeb\localhost_18601\"
		Debug.AspNetCompiler.Updateable = "true"
		Debug.AspNetCompiler.ForceOverwrite = "true"
		Debug.AspNetCompiler.FixedNames = "false"
		Debug.AspNetCompiler.Debug = "True"
		Release.AspNetCompiler.VirtualPath = "/localhost_18601"
		Release.AspNetCompiler.PhysicalPath = "WeiXin\"
		Release.AspNetCompiler.TargetPath = "PrecompiledWeb\localhost_18601\"
		Release.AspNetCompiler.Updateable = "true"
		Release.AspNetCompiler.ForceOverwrite = "true"
		Release.AspNetCompiler.FixedNames = "false"
		Release.AspNetCompiler.Debug = "False"
		SlnRelativePath = "WeiXin\"
		DefaultWebSiteLanguage = "Visual C#"
	EndProjectSection
EndProject
Project("{FAE04EC0-301F-11D3-BF4B-00C04F79EFBC}") = "DB2DataAccess", "DB2DataAccess\DB2DataAccess.csproj", "{9756C512-7B05-4BFF-89E6-A482410A77B7}"
EndProject
Project("{FAE04EC0-301F-11D3-BF4B-00C04F79EFBC}") = "Sync32Code", "Sync32Code\Sync32Code.csproj", "{071D5BCC-6F6C-4A8B-8BFD-4C1DBB5CA528}"
EndProject
Project("{FAE04EC0-301F-11D3-BF4B-00C04F79EFBC}") = "FillOracleConsole", "FillOracleConsole\FillOracleConsole.csproj", "{46F1D14B-BA66-49EF-BFD7-5534FD56EE3C}"
EndProject
Project("{FAE04EC0-301F-11D3-BF4B-00C04F79EFBC}") = "ImportOrderToDBConsole", "ImportOrderToDBConsole\ImportOrderToDBConsole.csproj", "{761E0C34-2260-42E2-9798-E28A3A074B4A}"
EndProject
Global
	GlobalSection(SolutionConfigurationPlatforms) = preSolution
		Debug|Any CPU = Debug|Any CPU
		Release|Any CPU = Release|Any CPU
	EndGlobalSection
	GlobalSection(ProjectConfigurationPlatforms) = postSolution
		{01C87745-1357-4809-9C79-472515C8C23A}.Debug|Any CPU.ActiveCfg = Debug|Any CPU
		{01C87745-1357-4809-9C79-472515C8C23A}.Debug|Any CPU.Build.0 = Debug|Any CPU
		{01C87745-1357-4809-9C79-472515C8C23A}.Release|Any CPU.ActiveCfg = Release|Any CPU
		{01C87745-1357-4809-9C79-472515C8C23A}.Release|Any CPU.Build.0 = Release|Any CPU
		{2C175143-C46A-404A-BC46-B1BF4E91C0A2}.Debug|Any CPU.ActiveCfg = Debug|Any CPU
		{2C175143-C46A-404A-BC46-B1BF4E91C0A2}.Debug|Any CPU.Build.0 = Debug|Any CPU
		{2C175143-C46A-404A-BC46-B1BF4E91C0A2}.Release|Any CPU.ActiveCfg = Release|Any CPU
		{2C175143-C46A-404A-BC46-B1BF4E91C0A2}.Release|Any CPU.Build.0 = Release|Any CPU
		{64E34AD0-8E66-4C0D-A479-AD0043ADE19A}.Debug|Any CPU.ActiveCfg = Debug|Any CPU
		{64E34AD0-8E66-4C0D-A479-AD0043ADE19A}.Debug|Any CPU.Build.0 = Debug|Any CPU
		{64E34AD0-8E66-4C0D-A479-AD0043ADE19A}.Release|Any CPU.ActiveCfg = Debug|Any CPU
		{64E34AD0-8E66-4C0D-A479-AD0043ADE19A}.Release|Any CPU.Build.0 = Debug|Any CPU
		{9756C512-7B05-4BFF-89E6-A482410A77B7}.Debug|Any CPU.ActiveCfg = Debug|Any CPU
		{9756C512-7B05-4BFF-89E6-A482410A77B7}.Debug|Any CPU.Build.0 = Debug|Any CPU
		{9756C512-7B05-4BFF-89E6-A482410A77B7}.Release|Any CPU.ActiveCfg = Release|Any CPU
		{9756C512-7B05-4BFF-89E6-A482410A77B7}.Release|Any CPU.Build.0 = Release|Any CPU
		{071D5BCC-6F6C-4A8B-8BFD-4C1DBB5CA528}.Debug|Any CPU.ActiveCfg = Debug|Any CPU
		{071D5BCC-6F6C-4A8B-8BFD-4C1DBB5CA528}.Debug|Any CPU.Build.0 = Debug|Any CPU
		{071D5BCC-6F6C-4A8B-8BFD-4C1DBB5CA528}.Release|Any CPU.ActiveCfg = Release|Any CPU
		{071D5BCC-6F6C-4A8B-8BFD-4C1DBB5CA528}.Release|Any CPU.Build.0 = Release|Any CPU
		{46F1D14B-BA66-49EF-BFD7-5534FD56EE3C}.Debug|Any CPU.ActiveCfg = Debug|Any CPU
		{46F1D14B-BA66-49EF-BFD7-5534FD56EE3C}.Debug|Any CPU.Build.0 = Debug|Any CPU
		{46F1D14B-BA66-49EF-BFD7-5534FD56EE3C}.Release|Any CPU.ActiveCfg = Release|Any CPU
		{46F1D14B-BA66-49EF-BFD7-5534FD56EE3C}.Release|Any CPU.Build.0 = Release|Any CPU
		{761E0C34-2260-42E2-9798-E28A3A074B4A}.Debug|Any CPU.ActiveCfg = Debug|Any CPU
		{761E0C34-2260-42E2-9798-E28A3A074B4A}.Debug|Any CPU.Build.0 = Debug|Any CPU
		{761E0C34-2260-42E2-9798-E28A3A074B4A}.Release|Any CPU.ActiveCfg = Release|Any CPU
		{761E0C34-2260-42E2-9798-E28A3A074B4A}.Release|Any CPU.Build.0 = Release|Any CPU
	EndGlobalSection
	GlobalSection(SolutionProperties) = preSolution
		HideSolutionNode = FALSE
	EndGlobalSection
	GlobalSection(Performance) = preSolution
		HasPerformanceSessions = true
	EndGlobalSection
EndGlobal
