
Microsoft Visual Studio Solution File, Format Version 12.00
# Visual Studio 2012
Project("{FAE04EC0-301F-11D3-BF4B-00C04F79EFBC}") = "TestConsole", "TestConsole\TestConsole.csproj", "{01C87745-1357-4809-9C79-472515C8C23A}"
EndProject
Project("{FAE04EC0-301F-11D3-BF4B-00C04F79EFBC}") = "Receive", "Receive\Receive.csproj", "{C3FE33DE-C9E9-4ED9-B0E4-B28EFC0BEFED}"
EndProject
Project("{FAE04EC0-301F-11D3-BF4B-00C04F79EFBC}") = "CodeRecover", "CodeRecover\CodeRecover.csproj", "{420259C2-B0E8-4D57-8ABF-F76041C3233A}"
EndProject
Project("{FAE04EC0-301F-11D3-BF4B-00C04F79EFBC}") = "Test", "Test\Test.csproj", "{B88A6E9F-6B84-40B6-81C3-B8B739177F79}"
EndProject
Project("{FAE04EC0-301F-11D3-BF4B-00C04F79EFBC}") = "BarcodeTest", "BarcodeTest\BarcodeTest.csproj", "{19042029-60F9-4394-9731-A5C8E480BC67}"
EndProject
Project("{FAE04EC0-301F-11D3-BF4B-00C04F79EFBC}") = "Monitor", "Monitor\Monitor.csproj", "{7C4D7895-C23C-46B3-ADBC-4C61BE138821}"
EndProject
Project("{E24C65DC-7377-472B-9ABA-BC803B73C61A}") = "Route(2)", "http://localhost:7584", "{B2EC9E6F-F789-4D46-B4AD-599AC5AC50A8}"
	ProjectSection(WebsiteProperties) = preProject
		UseIISExpress = "true"
		TargetFrameworkMoniker = ".NETFramework,Version%3Dv4.5"
		Debug.AspNetCompiler.VirtualPath = "/Route"
		Debug.AspNetCompiler.PhysicalPath = "Route\"
		Debug.AspNetCompiler.TargetPath = "PrecompiledWeb\Route\"
		Debug.AspNetCompiler.Updateable = "true"
		Debug.AspNetCompiler.ForceOverwrite = "true"
		Debug.AspNetCompiler.FixedNames = "false"
		Debug.AspNetCompiler.Debug = "True"
		Release.AspNetCompiler.VirtualPath = "/Route"
		Release.AspNetCompiler.PhysicalPath = "Route\"
		Release.AspNetCompiler.TargetPath = "PrecompiledWeb\Route\"
		Release.AspNetCompiler.Updateable = "true"
		Release.AspNetCompiler.ForceOverwrite = "true"
		Release.AspNetCompiler.FixedNames = "false"
		Release.AspNetCompiler.Debug = "False"
		SlnRelativePath = "Route\"
	EndProjectSection
EndProject
Global
	GlobalSection(SolutionConfigurationPlatforms) = preSolution
		Debug|Any CPU = Debug|Any CPU
		Release|Any CPU = Release|Any CPU
	EndGlobalSection
	GlobalSection(ProjectConfigurationPlatforms) = postSolution
		{01C87745-1357-4809-9C79-472515C8C23A}.Debug|Any CPU.ActiveCfg = Debug|Any CPU
		{01C87745-1357-4809-9C79-472515C8C23A}.Debug|Any CPU.Build.0 = Debug|Any CPU
		{01C87745-1357-4809-9C79-472515C8C23A}.Release|Any CPU.ActiveCfg = Release|Any CPU
		{01C87745-1357-4809-9C79-472515C8C23A}.Release|Any CPU.Build.0 = Release|Any CPU
		{C3FE33DE-C9E9-4ED9-B0E4-B28EFC0BEFED}.Debug|Any CPU.ActiveCfg = Debug|Any CPU
		{C3FE33DE-C9E9-4ED9-B0E4-B28EFC0BEFED}.Debug|Any CPU.Build.0 = Debug|Any CPU
		{C3FE33DE-C9E9-4ED9-B0E4-B28EFC0BEFED}.Release|Any CPU.ActiveCfg = Release|Any CPU
		{C3FE33DE-C9E9-4ED9-B0E4-B28EFC0BEFED}.Release|Any CPU.Build.0 = Release|Any CPU
		{420259C2-B0E8-4D57-8ABF-F76041C3233A}.Debug|Any CPU.ActiveCfg = Debug|Any CPU
		{420259C2-B0E8-4D57-8ABF-F76041C3233A}.Debug|Any CPU.Build.0 = Debug|Any CPU
		{420259C2-B0E8-4D57-8ABF-F76041C3233A}.Release|Any CPU.ActiveCfg = Release|Any CPU
		{420259C2-B0E8-4D57-8ABF-F76041C3233A}.Release|Any CPU.Build.0 = Release|Any CPU
		{B88A6E9F-6B84-40B6-81C3-B8B739177F79}.Debug|Any CPU.ActiveCfg = Debug|Any CPU
		{B88A6E9F-6B84-40B6-81C3-B8B739177F79}.Debug|Any CPU.Build.0 = Debug|Any CPU
		{B88A6E9F-6B84-40B6-81C3-B8B739177F79}.Release|Any CPU.ActiveCfg = Release|Any CPU
		{B88A6E9F-6B84-40B6-81C3-B8B739177F79}.Release|Any CPU.Build.0 = Release|Any CPU
		{19042029-60F9-4394-9731-A5C8E480BC67}.Debug|Any CPU.ActiveCfg = Debug|Any CPU
		{19042029-60F9-4394-9731-A5C8E480BC67}.Debug|Any CPU.Build.0 = Debug|Any CPU
		{19042029-60F9-4394-9731-A5C8E480BC67}.Release|Any CPU.ActiveCfg = Release|Any CPU
		{19042029-60F9-4394-9731-A5C8E480BC67}.Release|Any CPU.Build.0 = Release|Any CPU
		{7C4D7895-C23C-46B3-ADBC-4C61BE138821}.Debug|Any CPU.ActiveCfg = Debug|Any CPU
		{7C4D7895-C23C-46B3-ADBC-4C61BE138821}.Debug|Any CPU.Build.0 = Debug|Any CPU
		{7C4D7895-C23C-46B3-ADBC-4C61BE138821}.Release|Any CPU.ActiveCfg = Release|Any CPU
		{7C4D7895-C23C-46B3-ADBC-4C61BE138821}.Release|Any CPU.Build.0 = Release|Any CPU
		{B2EC9E6F-F789-4D46-B4AD-599AC5AC50A8}.Debug|Any CPU.ActiveCfg = Debug|Any CPU
		{B2EC9E6F-F789-4D46-B4AD-599AC5AC50A8}.Debug|Any CPU.Build.0 = Debug|Any CPU
		{B2EC9E6F-F789-4D46-B4AD-599AC5AC50A8}.Release|Any CPU.ActiveCfg = Debug|Any CPU
		{B2EC9E6F-F789-4D46-B4AD-599AC5AC50A8}.Release|Any CPU.Build.0 = Debug|Any CPU
	EndGlobalSection
	GlobalSection(SolutionProperties) = preSolution
		HideSolutionNode = FALSE
	EndGlobalSection
EndGlobal
